
Microsoft Visual Studio Solution File, Format Version 12.00
# Visual Studio Version 17
VisualStudioVersion = 17.12.35506.116
MinimumVisualStudioVersion = 10.0.40219.1
Project("{FAE04EC0-301F-11D3-BF4B-00C04F79EFBC}") = "_CampusFinder", "_CampusFinder\_CampusFinder.csproj", "{09DC958B-B889-47BA-B459-0631731E9DFA}"
EndProject
Project("{FAE04EC0-301F-11D3-BF4B-00C04F79EFBC}") = "_CampusFinderCore", "_CampusFinderCore\_CampusFinderCore.csproj", "{9CE03D3B-6F44-40F6-B021-C04DC696B47B}"
EndProject
Project("{FAE04EC0-301F-11D3-BF4B-00C04F79EFBC}") = "_CampusFinderInfrastructure", "_CampusFinderInfrastructure\_CampusFinderInfrastructure.csproj", "{3E207BA7-FB39-42F6-A134-AD15D09A21D8}"
EndProject
Project("{FAE04EC0-301F-11D3-BF4B-00C04F79EFBC}") = "_CampusFinderService", "_CampusFinderService\_CampusFinderService.csproj", "{2974BAE3-C3D1-412F-81FF-6BB1225EB803}"
EndProject
Global
	GlobalSection(SolutionConfigurationPlatforms) = preSolution
		Debug|Any CPU = Debug|Any CPU
		Debug|x86 = Debug|x86
		Release|Any CPU = Release|Any CPU
		Release|x86 = Release|x86
	EndGlobalSection
	GlobalSection(ProjectConfigurationPlatforms) = postSolution
		{09DC958B-B889-47BA-B459-0631731E9DFA}.Debug|Any CPU.ActiveCfg = Debug|Any CPU
		{09DC958B-B889-47BA-B459-0631731E9DFA}.Debug|Any CPU.Build.0 = Debug|Any CPU
		{09DC958B-B889-47BA-B459-0631731E9DFA}.Debug|x86.ActiveCfg = Debug|x86
		{09DC958B-B889-47BA-B459-0631731E9DFA}.Debug|x86.Build.0 = Debug|x86
		{09DC958B-B889-47BA-B459-0631731E9DFA}.Release|Any CPU.ActiveCfg = Release|Any CPU
		{09DC958B-B889-47BA-B459-0631731E9DFA}.Release|Any CPU.Build.0 = Release|Any CPU
		{09DC958B-B889-47BA-B459-0631731E9DFA}.Release|x86.ActiveCfg = Release|x86
		{09DC958B-B889-47BA-B459-0631731E9DFA}.Release|x86.Build.0 = Release|x86
		{9CE03D3B-6F44-40F6-B021-C04DC696B47B}.Debug|Any CPU.ActiveCfg = Debug|Any CPU
		{9CE03D3B-6F44-40F6-B021-C04DC696B47B}.Debug|Any CPU.Build.0 = Debug|Any CPU
		{9CE03D3B-6F44-40F6-B021-C04DC696B47B}.Debug|x86.ActiveCfg = Debug|x86
		{9CE03D3B-6F44-40F6-B021-C04DC696B47B}.Debug|x86.Build.0 = Debug|x86
		{9CE03D3B-6F44-40F6-B021-C04DC696B47B}.Release|Any CPU.ActiveCfg = Release|Any CPU
		{9CE03D3B-6F44-40F6-B021-C04DC696B47B}.Release|Any CPU.Build.0 = Release|Any CPU
		{9CE03D3B-6F44-40F6-B021-C04DC696B47B}.Release|x86.ActiveCfg = Release|x86
		{9CE03D3B-6F44-40F6-B021-C04DC696B47B}.Release|x86.Build.0 = Release|x86
		{3E207BA7-FB39-42F6-A134-AD15D09A21D8}.Debug|Any CPU.ActiveCfg = Debug|Any CPU
		{3E207BA7-FB39-42F6-A134-AD15D09A21D8}.Debug|Any CPU.Build.0 = Debug|Any CPU
		{3E207BA7-FB39-42F6-A134-AD15D09A21D8}.Debug|x86.ActiveCfg = Debug|x86
		{3E207BA7-FB39-42F6-A134-AD15D09A21D8}.Debug|x86.Build.0 = Debug|x86
		{3E207BA7-FB39-42F6-A134-AD15D09A21D8}.Release|Any CPU.ActiveCfg = Release|Any CPU
		{3E207BA7-FB39-42F6-A134-AD15D09A21D8}.Release|Any CPU.Build.0 = Release|Any CPU
		{3E207BA7-FB39-42F6-A134-AD15D09A21D8}.Release|x86.ActiveCfg = Release|x86
		{3E207BA7-FB39-42F6-A134-AD15D09A21D8}.Release|x86.Build.0 = Release|x86
		{2974BAE3-C3D1-412F-81FF-6BB1225EB803}.Debug|Any CPU.ActiveCfg = Debug|Any CPU
		{2974BAE3-C3D1-412F-81FF-6BB1225EB803}.Debug|Any CPU.Build.0 = Debug|Any CPU
		{2974BAE3-C3D1-412F-81FF-6BB1225EB803}.Debug|x86.ActiveCfg = Debug|x86
		{2974BAE3-C3D1-412F-81FF-6BB1225EB803}.Debug|x86.Build.0 = Debug|x86
		{2974BAE3-C3D1-412F-81FF-6BB1225EB803}.Release|Any CPU.ActiveCfg = Release|Any CPU
		{2974BAE3-C3D1-412F-81FF-6BB1225EB803}.Release|Any CPU.Build.0 = Release|Any CPU
		{2974BAE3-C3D1-412F-81FF-6BB1225EB803}.Release|x86.ActiveCfg = Release|x86
		{2974BAE3-C3D1-412F-81FF-6BB1225EB803}.Release|x86.Build.0 = Release|x86
	EndGlobalSection
	GlobalSection(SolutionProperties) = preSolution
		HideSolutionNode = FALSE
	EndGlobalSection
EndGlobal
